
Microsoft Visual Studio Solution File, Format Version 11.00
# Visual Studio 2010
Project("{FAE04EC0-301F-11D3-BF4B-00C04F79EFBC}") = "Assembly-CSharp", "Assembly-CSharp.csproj", "{eeb46b24-6e8a-8cc0-7ae8-8759eaea9b62}"
EndProject
Global
	GlobalSection(SolutionConfigurationPlatforms) = preSolution
		Debug|Any CPU = Debug|Any CPU
		Release|Any CPU = Release|Any CPU
	EndGlobalSection
	GlobalSection(ProjectConfigurationPlatforms) = postSolution
		{eeb46b24-6e8a-8cc0-7ae8-8759eaea9b62}.Debug|Any CPU.ActiveCfg = Debug|Any CPU
		{eeb46b24-6e8a-8cc0-7ae8-8759eaea9b62}.Debug|Any CPU.Build.0 = Debug|Any CPU
		{eeb46b24-6e8a-8cc0-7ae8-8759eaea9b62}.Release|Any CPU.ActiveCfg = Release|Any CPU
		{eeb46b24-6e8a-8cc0-7ae8-8759eaea9b62}.Release|Any CPU.Build.0 = Release|Any CPU
	EndGlobalSection
	GlobalSection(SolutionProperties) = preSolution
		HideSolutionNode = FALSE
	EndGlobalSection
EndGlobal
